
Microsoft Visual Studio Solution File, Format Version 12.00
# Visual Studio Version 17
VisualStudioVersion = 17.4.33205.214
MinimumVisualStudioVersion = 10.0.40219.1
Project("{9A19103F-16F7-4668-BE54-9A1E7A4F7556}") = "StudentSystem", "StudentSystem.csproj", "{A12DFB26-73A4-4E25-B0CA-DB4B9B18594A}"
EndProject
Global
	GlobalSection(SolutionConfigurationPlatforms) = preSolution
		Debug|Any CPU = Debug|Any CPU
		Release|Any CPU = Release|Any CPU
	EndGlobalSection
	GlobalSection(ProjectConfigurationPlatforms) = postSolution
		{A12DFB26-73A4-4E25-B0CA-DB4B9B18594A}.Debug|Any CPU.ActiveCfg = Debug|Any CPU
		{A12DFB26-73A4-4E25-B0CA-DB4B9B18594A}.Debug|Any CPU.Build.0 = Debug|Any CPU
		{A12DFB26-73A4-4E25-B0CA-DB4B9B18594A}.Release|Any CPU.ActiveCfg = Release|Any CPU
		{A12DFB26-73A4-4E25-B0CA-DB4B9B18594A}.Release|Any CPU.Build.0 = Release|Any CPU
	EndGlobalSection
	GlobalSection(SolutionProperties) = preSolution
		HideSolutionNode = FALSE
	EndGlobalSection
	GlobalSection(ExtensibilityGlobals) = postSolution
		SolutionGuid = {53A43581-E006-46C3-ACCE-B802ABF46305}
	EndGlobalSection
EndGlobal
